
Microsoft Visual Studio Solution File, Format Version 12.00
# Visual Studio Version 16
VisualStudioVersion = 16.0.31112.23
MinimumVisualStudioVersion = 10.0.40219.1
Project("{FAE04EC0-301F-11D3-BF4B-00C04F79EFBC}") = "UnitTestProject1", "UnitTestProject1\UnitTestProject1.csproj", "{547F0AEB-BB79-4F84-8EAC-55A37DD26926}"
EndProject
Project("{FAE04EC0-301F-11D3-BF4B-00C04F79EFBC}") = "QueueLib", "QueueLib\QueueLib.csproj", "{7EB812CA-5712-4751-A3FD-D2D709E59F3F}"
EndProject
Project("{FAE04EC0-301F-11D3-BF4B-00C04F79EFBC}") = "GraphLib", "Lab6\GraphLib.csproj", "{385EAA37-E483-4A14-88FF-2915F649F8FB}"
EndProject
Global
	GlobalSection(SolutionConfigurationPlatforms) = preSolution
		Debug|Any CPU = Debug|Any CPU
		Release|Any CPU = Release|Any CPU
	EndGlobalSection
	GlobalSection(ProjectConfigurationPlatforms) = postSolution
		{547F0AEB-BB79-4F84-8EAC-55A37DD26926}.Debug|Any CPU.ActiveCfg = Debug|Any CPU
		{547F0AEB-BB79-4F84-8EAC-55A37DD26926}.Debug|Any CPU.Build.0 = Debug|Any CPU
		{547F0AEB-BB79-4F84-8EAC-55A37DD26926}.Release|Any CPU.ActiveCfg = Release|Any CPU
		{547F0AEB-BB79-4F84-8EAC-55A37DD26926}.Release|Any CPU.Build.0 = Release|Any CPU
		{7EB812CA-5712-4751-A3FD-D2D709E59F3F}.Debug|Any CPU.ActiveCfg = Debug|Any CPU
		{7EB812CA-5712-4751-A3FD-D2D709E59F3F}.Debug|Any CPU.Build.0 = Debug|Any CPU
		{7EB812CA-5712-4751-A3FD-D2D709E59F3F}.Release|Any CPU.ActiveCfg = Release|Any CPU
		{7EB812CA-5712-4751-A3FD-D2D709E59F3F}.Release|Any CPU.Build.0 = Release|Any CPU
		{385EAA37-E483-4A14-88FF-2915F649F8FB}.Debug|Any CPU.ActiveCfg = Debug|Any CPU
		{385EAA37-E483-4A14-88FF-2915F649F8FB}.Debug|Any CPU.Build.0 = Debug|Any CPU
		{385EAA37-E483-4A14-88FF-2915F649F8FB}.Release|Any CPU.ActiveCfg = Release|Any CPU
		{385EAA37-E483-4A14-88FF-2915F649F8FB}.Release|Any CPU.Build.0 = Release|Any CPU
	EndGlobalSection
	GlobalSection(SolutionProperties) = preSolution
		HideSolutionNode = FALSE
	EndGlobalSection
	GlobalSection(ExtensibilityGlobals) = postSolution
		SolutionGuid = {1E183A7A-49B7-4A5C-8B92-DCA7457D6072}
	EndGlobalSection
EndGlobal
